
Microsoft Visual Studio Solution File, Format Version 12.00
# Visual Studio Version 16
VisualStudioVersion = 16.0.30804.86
MinimumVisualStudioVersion = 10.0.40219.1
Project("{FAE04EC0-301F-11D3-BF4B-00C04F79EFBC}") = "Observer", "Observer\Observer.csproj", "{B7D020A0-4D43-4241-B43B-2BC0BB90E02C}"
EndProject
Global
	GlobalSection(SolutionConfigurationPlatforms) = preSolution
		Debug|Any CPU = Debug|Any CPU
		Release|Any CPU = Release|Any CPU
	EndGlobalSection
	GlobalSection(ProjectConfigurationPlatforms) = postSolution
		{B7D020A0-4D43-4241-B43B-2BC0BB90E02C}.Debug|Any CPU.ActiveCfg = Debug|Any CPU
		{B7D020A0-4D43-4241-B43B-2BC0BB90E02C}.Debug|Any CPU.Build.0 = Debug|Any CPU
		{B7D020A0-4D43-4241-B43B-2BC0BB90E02C}.Release|Any CPU.ActiveCfg = Release|Any CPU
		{B7D020A0-4D43-4241-B43B-2BC0BB90E02C}.Release|Any CPU.Build.0 = Release|Any CPU
	EndGlobalSection
	GlobalSection(SolutionProperties) = preSolution
		HideSolutionNode = FALSE
	EndGlobalSection
	GlobalSection(ExtensibilityGlobals) = postSolution
		SolutionGuid = {6532D337-BB46-4AC0-B68E-472E4A524FDD}
	EndGlobalSection
EndGlobal
