
Microsoft Visual Studio Solution File, Format Version 12.00
# Visual Studio Version 16
VisualStudioVersion = 16.0.30804.86
MinimumVisualStudioVersion = 10.0.40219.1
Project("{FAE04EC0-301F-11D3-BF4B-00C04F79EFBC}") = "ControlePagamentosRecebimentos", "ControlePagamentosRecebimentos\ControlePagamentosRecebimentos.csproj", "{3C949723-B0D2-46D7-B285-7E70B06332E1}"
EndProject
Project("{FAE04EC0-301F-11D3-BF4B-00C04F79EFBC}") = "ProjetoDeTestes", "ProjetoDeTestes\ProjetoDeTestes.csproj", "{C2FBF969-F0E7-4519-AFD7-C95A2B897F32}"
EndProject
Global
	GlobalSection(SolutionConfigurationPlatforms) = preSolution
		Debug|Any CPU = Debug|Any CPU
		Release|Any CPU = Release|Any CPU
	EndGlobalSection
	GlobalSection(ProjectConfigurationPlatforms) = postSolution
		{3C949723-B0D2-46D7-B285-7E70B06332E1}.Debug|Any CPU.ActiveCfg = Debug|Any CPU
		{3C949723-B0D2-46D7-B285-7E70B06332E1}.Debug|Any CPU.Build.0 = Debug|Any CPU
		{3C949723-B0D2-46D7-B285-7E70B06332E1}.Release|Any CPU.ActiveCfg = Release|Any CPU
		{3C949723-B0D2-46D7-B285-7E70B06332E1}.Release|Any CPU.Build.0 = Release|Any CPU
		{C2FBF969-F0E7-4519-AFD7-C95A2B897F32}.Debug|Any CPU.ActiveCfg = Debug|Any CPU
		{C2FBF969-F0E7-4519-AFD7-C95A2B897F32}.Debug|Any CPU.Build.0 = Debug|Any CPU
		{C2FBF969-F0E7-4519-AFD7-C95A2B897F32}.Release|Any CPU.ActiveCfg = Release|Any CPU
		{C2FBF969-F0E7-4519-AFD7-C95A2B897F32}.Release|Any CPU.Build.0 = Release|Any CPU
	EndGlobalSection
	GlobalSection(SolutionProperties) = preSolution
		HideSolutionNode = FALSE
	EndGlobalSection
	GlobalSection(ExtensibilityGlobals) = postSolution
		SolutionGuid = {3AF88A4C-1729-4E86-A0E3-DED2B39E1201}
	EndGlobalSection
EndGlobal
